
Microsoft Visual Studio Solution File, Format Version 12.00
# Visual Studio Version 17
VisualStudioVersion = 17.5.002.0
MinimumVisualStudioVersion = 10.0.40219.1
Project("{9A19103F-16F7-4668-BE54-9A1E7A4F7556}") = "RobotConnector", "BusinessLogic\RobotConnector.csproj", "{40FA243F-549B-445A-B427-B1122C869F29}"
EndProject
Project("{9A19103F-16F7-4668-BE54-9A1E7A4F7556}") = "dotnet_Javonet", "CallingService\dotnet_Javonet.csproj", "{EF06CF6F-9CF4-4ECD-844F-E36D57492B0D}"
EndProject
Project("{9A19103F-16F7-4668-BE54-9A1E7A4F7556}") = "WebService", "WebService\WebService.csproj", "{82BA784F-3076-4E83-BC38-016A0634AA0F}"
EndProject
Global
	GlobalSection(SolutionConfigurationPlatforms) = preSolution
		Debug|Any CPU = Debug|Any CPU
		Release|Any CPU = Release|Any CPU
	EndGlobalSection
	GlobalSection(ProjectConfigurationPlatforms) = postSolution
		{40FA243F-549B-445A-B427-B1122C869F29}.Debug|Any CPU.ActiveCfg = Debug|Any CPU
		{40FA243F-549B-445A-B427-B1122C869F29}.Debug|Any CPU.Build.0 = Debug|Any CPU
		{40FA243F-549B-445A-B427-B1122C869F29}.Release|Any CPU.ActiveCfg = Release|Any CPU
		{40FA243F-549B-445A-B427-B1122C869F29}.Release|Any CPU.Build.0 = Release|Any CPU
		{EF06CF6F-9CF4-4ECD-844F-E36D57492B0D}.Debug|Any CPU.ActiveCfg = Debug|Any CPU
		{EF06CF6F-9CF4-4ECD-844F-E36D57492B0D}.Debug|Any CPU.Build.0 = Debug|Any CPU
		{EF06CF6F-9CF4-4ECD-844F-E36D57492B0D}.Release|Any CPU.ActiveCfg = Release|Any CPU
		{EF06CF6F-9CF4-4ECD-844F-E36D57492B0D}.Release|Any CPU.Build.0 = Release|Any CPU
		{82BA784F-3076-4E83-BC38-016A0634AA0F}.Debug|Any CPU.ActiveCfg = Debug|Any CPU
		{82BA784F-3076-4E83-BC38-016A0634AA0F}.Debug|Any CPU.Build.0 = Debug|Any CPU
		{82BA784F-3076-4E83-BC38-016A0634AA0F}.Release|Any CPU.ActiveCfg = Release|Any CPU
		{82BA784F-3076-4E83-BC38-016A0634AA0F}.Release|Any CPU.Build.0 = Release|Any CPU
	EndGlobalSection
	GlobalSection(SolutionProperties) = preSolution
		HideSolutionNode = FALSE
	EndGlobalSection
	GlobalSection(ExtensibilityGlobals) = postSolution
		SolutionGuid = {75BA9BCB-66B4-4C4B-B73E-3E1129C33DB9}
	EndGlobalSection
EndGlobal
